github.com/ardanlabs/conf/v3 v3.8.0 h1:Mvv2wZJz8tIl705m5BU3ZRCP1V6TKY6qebA8i4sykrY=
github.com/ardanlabs/conf/v3 v3.8.0/go.mod h1:XlL9P0quWP4m1weOVFmlezabinbZLI05niDof/+Ochk=
github.com/joho/godotenv v1.5.1 h1:7eLL/+HRGLY0ldzfGMeQkb7vMd0as4CfYvUVzLqw0N0=
github.com/joho/godotenv v1.5.1/go.mod h1:f4LDr5Voq0i2e/R5DDNOoa2zzDfwtkZa6DnEwAbqwq4=
